
Microsoft Visual Studio Solution File, Format Version 12.00
# Visual Studio Version 16
VisualStudioVersion = 16.0.28803.352
MinimumVisualStudioVersion = 10.0.40219.1
Project("{8BC9CEB8-8B4A-11D0-8D11-00A0C91BC942}") = "SunSocket", "SunSocket\SunSocket.vcxproj", "{98AED217-5F9A-454F-8B14-2AA3630EFB0A}"
EndProject
Global
	GlobalSection(SolutionConfigurationPlatforms) = preSolution
		Debug|x64 = Debug|x64
		Debug|x86 = Debug|x86
		Release|x64 = Release|x64
		Release|x86 = Release|x86
	EndGlobalSection
	GlobalSection(ProjectConfigurationPlatforms) = postSolution
		{98AED217-5F9A-454F-8B14-2AA3630EFB0A}.Debug|x64.ActiveCfg = Debug|x64
		{98AED217-5F9A-454F-8B14-2AA3630EFB0A}.Debug|x64.Build.0 = Debug|x64
		{98AED217-5F9A-454F-8B14-2AA3630EFB0A}.Debug|x86.ActiveCfg = Debug|Win32
		{98AED217-5F9A-454F-8B14-2AA3630EFB0A}.Debug|x86.Build.0 = Debug|Win32
		{98AED217-5F9A-454F-8B14-2AA3630EFB0A}.Release|x64.ActiveCfg = Release|x64
		{98AED217-5F9A-454F-8B14-2AA3630EFB0A}.Release|x64.Build.0 = Release|x64
		{98AED217-5F9A-454F-8B14-2AA3630EFB0A}.Release|x86.ActiveCfg = Release|Win32
		{98AED217-5F9A-454F-8B14-2AA3630EFB0A}.Release|x86.Build.0 = Release|Win32
	EndGlobalSection
	GlobalSection(SolutionProperties) = preSolution
		HideSolutionNode = FALSE
	EndGlobalSection
	GlobalSection(ExtensibilityGlobals) = postSolution
		SolutionGuid = {638F3AE1-397E-4D51-8363-A06C0C394A0C}
	EndGlobalSection
EndGlobal
